
Microsoft Visual Studio Solution File, Format Version 12.00
# Visual Studio Version 16
VisualStudioVersion = 16.0.29613.14
MinimumVisualStudioVersion = 10.0.40219.1
Project("{FAE04EC0-301F-11D3-BF4B-00C04F79EFBC}") = "football-api-wpf.UI", "football-api-wpf.UI\football-api-wpf.UI.csproj", "{7531FB75-A8D7-4F81-9DEF-C8342A60F880}"
EndProject
Global
	GlobalSection(SolutionConfigurationPlatforms) = preSolution
		Debug|Any CPU = Debug|Any CPU
		Release|Any CPU = Release|Any CPU
	EndGlobalSection
	GlobalSection(ProjectConfigurationPlatforms) = postSolution
		{7531FB75-A8D7-4F81-9DEF-C8342A60F880}.Debug|Any CPU.ActiveCfg = Debug|Any CPU
		{7531FB75-A8D7-4F81-9DEF-C8342A60F880}.Debug|Any CPU.Build.0 = Debug|Any CPU
		{7531FB75-A8D7-4F81-9DEF-C8342A60F880}.Release|Any CPU.ActiveCfg = Release|Any CPU
		{7531FB75-A8D7-4F81-9DEF-C8342A60F880}.Release|Any CPU.Build.0 = Release|Any CPU
	EndGlobalSection
	GlobalSection(SolutionProperties) = preSolution
		HideSolutionNode = FALSE
	EndGlobalSection
	GlobalSection(ExtensibilityGlobals) = postSolution
		SolutionGuid = {836B03A2-61FF-4F32-B767-3C2608437090}
	EndGlobalSection
EndGlobal
